# THIS IS AN AUTOGENERATED FILE. DO NOT EDIT THIS FILE DIRECTLY.
# yarn lockfile v1


emoji-picker-react@^4.11.1:
  version "4.11.1"
  resolved "https://registry.yarnpkg.com/emoji-picker-react/-/emoji-picker-react-4.11.1.tgz#5be830d50b9ea8a606c8a4d46dfe5e0021cc2e93"
  integrity sha512-e3vhGcZyyNu7GqJaXzgoVxtASXs97duAP/vh7aL88dHJcW72DjuwYMjipzNBCjPFxXwUiQas483SKCAxPwwaUQ==
  dependencies:
    flairup "1.0.0"

flairup@1.0.0:
  version "1.0.0"
  resolved "https://registry.yarnpkg.com/flairup/-/flairup-1.0.0.tgz#d3af0052ad02734c12d2446608a869498adb351b"
  integrity sha512-IKlE+pNvL2R+kVL1kEhUYqRxVqeFnjiIvHWDMLFXNaqyUdFXQM2wte44EfMYJNHkW16X991t2Zg8apKkhv7OBA==
